// !$*UTF8*$!
{
	archiveVersion = 1;
	classes = {
	};
	objectVersion = 46;
	objects = {

/* Begin PBXBuildFile section */
		FD16530B18B37B9B00D3C1AD /* Foundation.framework in Frameworks */ = {isa = PBXBuildFile; fileRef = FD16530A18B37B9B00D3C1AD /* Foundation.framework */; };
		FD16530D18B37B9B00D3C1AD /* CoreGraphics.framework in Frameworks */ = {isa = PBXBuildFile; fileRef = FD16530C18B37B9B00D3C1AD /* CoreGraphics.framework */; };
		FD16530F18B37B9B00D3C1AD /* UIKit.framework in Frameworks */ = {isa = PBXBuildFile; fileRef = FD16530E18B37B9B00D3C1AD /* UIKit.framework */; };
		FD16531518B37B9C00D3C1AD /* InfoPlist.strings in Resources */ = {isa = PBXBuildFile; fileRef = FD16531318B37B9C00D3C1AD /* InfoPlist.strings */; };
		FD16531718B37B9C00D3C1AD /* main.m in Sources */ = {isa = PBXBuildFile; fileRef = FD16531618B37B9C00D3C1AD /* main.m */; };
		FD16531B18B37B9C00D3C1AD /* AppDelegate.m in Sources */ = {isa = PBXBuildFile; fileRef = FD16531A18B37B9C00D3C1AD /* AppDelegate.m */; };
		FD16531E18B37B9C00D3C1AD /* Main.storyboard in Resources */ = {isa = PBXBuildFile; fileRef = FD16531C18B37B9C00D3C1AD /* Main.storyboard */; };
		FD16532118B37B9C00D3C1AD /* ViewController.m in Sources */ = {isa = PBXBuildFile; fileRef = FD16532018B37B9C00D3C1AD /* ViewController.m */; };
		FD16532318B37B9C00D3C1AD /* Images.xcassets in Resources */ = {isa = PBXBuildFile; fileRef = FD16532218B37B9C00D3C1AD /* Images.xcassets */; };
		FD16532A18B37B9C00D3C1AD /* XCTest.framework in Frameworks */ = {isa = PBXBuildFile; fileRef = FD16532918B37B9C00D3C1AD /* XCTest.framework */; };
		FD16532B18B37B9C00D3C1AD /* Foundation.framework in Frameworks */ = {isa = PBXBuildFile; fileRef = FD16530A18B37B9B00D3C1AD /* Foundation.framework */; };
		FD16532C18B37B9C00D3C1AD /* UIKit.framework in Frameworks */ = {isa = PBXBuildFile; fileRef = FD16530E18B37B9B00D3C1AD /* UIKit.framework */; };
		FD16533418B37B9C00D3C1AD /* InfoPlist.strings in Resources */ = {isa = PBXBuildFile; fileRef = FD16533218B37B9C00D3C1AD /* InfoPlist.strings */; };
		FD16533618B37B9C00D3C1AD /* RSS206Tests.m in Sources */ = {isa = PBXBuildFile; fileRef = FD16533518B37B9C00D3C1AD /* RSS206Tests.m */; };
/* End PBXBuildFile section */

/* Begin PBXContainerItemProxy section */
		FD16532D18B37B9C00D3C1AD /* PBXContainerItemProxy */ = {
			isa = PBXContainerItemProxy;
			containerPortal = FD1652FF18B37B9B00D3C1AD /* Project object */;
			proxyType = 1;
			remoteGlobalIDString = FD16530618B37B9B00D3C1AD;
			remoteInfo = RSS206;
		};
/* End PBXContainerItemProxy section */

/* Begin PBXFileReference section */
		FD16530718B37B9B00D3C1AD /* RSS206.app */ = {isa = PBXFileReference; explicitFileType = wrapper.application; includeInIndex = 0; path = RSS206.app; sourceTree = BUILT_PRODUCTS_DIR; };
		FD16530A18B37B9B00D3C1AD /* Foundation.framework */ = {isa = PBXFileReference; lastKnownFileType = wrapper.framework; name = Foundation.framework; path = System/Library/Frameworks/Foundation.framework; sourceTree = SDKROOT; };
		FD16530C18B37B9B00D3C1AD /* CoreGraphics.framework */ = {isa = PBXFileReference; lastKnownFileType = wrapper.framework; name = CoreGraphics.framework; path = System/Library/Frameworks/CoreGraphics.framework; sourceTree = SDKROOT; };
		FD16530E18B37B9B00D3C1AD /* UIKit.framework */ = {isa = PBXFileReference; lastKnownFileType = wrapper.framework; name = UIKit.framework; path = System/Library/Frameworks/UIKit.framework; sourceTree = SDKROOT; };
		FD16531218B37B9C00D3C1AD /* RSS206-Info.plist */ = {isa = PBXFileReference; lastKnownFileType = text.plist.xml; path = "RSS206-Info.plist"; sourceTree = "<group>"; };
		FD16531418B37B9C00D3C1AD /* en */ = {isa = PBXFileReference; lastKnownFileType = text.plist.strings; name = en; path = en.lproj/InfoPlist.strings; sourceTree = "<group>"; };
		FD16531618B37B9C00D3C1AD /* main.m */ = {isa = PBXFileReference; lastKnownFileType = sourcecode.c.objc; path = main.m; sourceTree = "<group>"; };
		FD16531818B37B9C00D3C1AD /* RSS206-Prefix.pch */ = {isa = PBXFileReference; lastKnownFileType = sourcecode.c.h; path = "RSS206-Prefix.pch"; sourceTree = "<group>"; };
		FD16531918B37B9C00D3C1AD /* AppDelegate.h */ = {isa = PBXFileReference; lastKnownFileType = sourcecode.c.h; path = AppDelegate.h; sourceTree = "<group>"; };
		FD16531A18B37B9C00D3C1AD /* AppDelegate.m */ = {isa = PBXFileReference; lastKnownFileType = sourcecode.c.objc; path = AppDelegate.m; sourceTree = "<group>"; };
		FD16531D18B37B9C00D3C1AD /* Base */ = {isa = PBXFileReference; lastKnownFileType = file.storyboard; name = Base; path = Base.lproj/Main.storyboard; sourceTree = "<group>"; };
		FD16531F18B37B9C00D3C1AD /* ViewController.h */ = {isa = PBXFileReference; lastKnownFileType = sourcecode.c.h; path = ViewController.h; sourceTree = "<group>"; };
		FD16532018B37B9C00D3C1AD /* ViewController.m */ = {isa = PBXFileReference; lastKnownFileType = sourcecode.c.objc; path = ViewController.m; sourceTree = "<group>"; };
		FD16532218B37B9C00D3C1AD /* Images.xcassets */ = {isa = PBXFileReference; lastKnownFileType = folder.assetcatalog; path = Images.xcassets; sourceTree = "<group>"; };
		FD16532818B37B9C00D3C1AD /* RSS206Tests.xctest */ = {isa = PBXFileReference; explicitFileType = wrapper.cfbundle; includeInIndex = 0; path = RSS206Tests.xctest; sourceTree = BUILT_PRODUCTS_DIR; };
		FD16532918B37B9C00D3C1AD /* XCTest.framework */ = {isa = PBXFileReference; lastKnownFileType = wrapper.framework; name = XCTest.framework; path = Library/Frameworks/XCTest.framework; sourceTree = DEVELOPER_DIR; };
		FD16533118B37B9C00D3C1AD /* RSS206Tests-Info.plist */ = {isa = PBXFileReference; lastKnownFileType = text.plist.xml; path = "RSS206Tests-Info.plist"; sourceTree = "<group>"; };
		FD16533318B37B9C00D3C1AD /* en */ = {isa = PBXFileReference; lastKnownFileType = text.plist.strings; name = en; path = en.lproj/InfoPlist.strings; sourceTree = "<group>"; };
		FD16533518B37B9C00D3C1AD /* RSS206Tests.m */ = {isa = PBXFileReference; lastKnownFileType = sourcecode.c.objc; path = RSS206Tests.m; sourceTree = "<group>"; };
/* End PBXFileReference section */

/* Begin PBXFrameworksBuildPhase section */
		FD16530418B37B9B00D3C1AD /* Frameworks */ = {
			isa = PBXFrameworksBuildPhase;
			buildActionMask = 2147483647;
			files = (
				FD16530D18B37B9B00D3C1AD /* CoreGraphics.framework in Frameworks */,
				FD16530F18B37B9B00D3C1AD /* UIKit.framework in Frameworks */,
				FD16530B18B37B9B00D3C1AD /* Foundation.framework in Frameworks */,
			);
			runOnlyForDeploymentPostprocessing = 0;
		};
		FD16532518B37B9C00D3C1AD /* Frameworks */ = {
			isa = PBXFrameworksBuildPhase;
			buildActionMask = 2147483647;
			files = (
				FD16532A18B37B9C00D3C1AD /* XCTest.framework in Frameworks */,
				FD16532C18B37B9C00D3C1AD /* UIKit.framework in Frameworks */,
				FD16532B18B37B9C00D3C1AD /* Foundation.framework in Frameworks */,
			);
			runOnlyForDeploymentPostprocessing = 0;
		};
/* End PBXFrameworksBuildPhase section */

/* Begin PBXGroup section */
		FD1652FE18B37B9B00D3C1AD = {
			isa = PBXGroup;
			children = (
				FD16531018B37B9C00D3C1AD /* RSS206 */,
				FD16532F18B37B9C00D3C1AD /* RSS206Tests */,
				FD16530918B37B9B00D3C1AD /* Frameworks */,
				FD16530818B37B9B00D3C1AD /* Products */,
			);
			sourceTree = "<group>";
		};
		FD16530818B37B9B00D3C1AD /* Products */ = {
			isa = PBXGroup;
			children = (
				FD16530718B37B9B00D3C1AD /* RSS206.app */,
				FD16532818B37B9C00D3C1AD /* RSS206Tests.xctest */,
			);
			name = Products;
			sourceTree = "<group>";
		};
		FD16530918B37B9B00D3C1AD /* Frameworks */ = {
			isa = PBXGroup;
			children = (
				FD16530A18B37B9B00D3C1AD /* Foundation.framework */,
				FD16530C18B37B9B00D3C1AD /* CoreGraphics.framework */,
				FD16530E18B37B9B00D3C1AD /* UIKit.framework */,
				FD16532918B37B9C00D3C1AD /* XCTest.framework */,
			);
			name = Frameworks;
			sourceTree = "<group>";
		};
		FD16531018B37B9C00D3C1AD /* RSS206 */ = {
			isa = PBXGroup;
			children = (
				FD16531918B37B9C00D3C1AD /* AppDelegate.h */,
				FD16531A18B37B9C00D3C1AD /* AppDelegate.m */,
				FD16531C18B37B9C00D3C1AD /* Main.storyboard */,
				FD16531F18B37B9C00D3C1AD /* ViewController.h */,
				FD16532018B37B9C00D3C1AD /* ViewController.m */,
				FD16532218B37B9C00D3C1AD /* Images.xcassets */,
				FD16531118B37B9C00D3C1AD /* Supporting Files */,
			);
			path = RSS206;
			sourceTree = "<group>";
		};
		FD16531118B37B9C00D3C1AD /* Supporting Files */ = {
			isa = PBXGroup;
			children = (
				FD16531218B37B9C00D3C1AD /* RSS206-Info.plist */,
				FD16531318B37B9C00D3C1AD /* InfoPlist.strings */,
				FD16531618B37B9C00D3C1AD /* main.m */,
				FD16531818B37B9C00D3C1AD /* RSS206-Prefix.pch */,
			);
			name = "Supporting Files";
			sourceTree = "<group>";
		};
		FD16532F18B37B9C00D3C1AD /* RSS206Tests */ = {
			isa = PBXGroup;
			children = (
				FD16533518B37B9C00D3C1AD /* RSS206Tests.m */,
				FD16533018B37B9C00D3C1AD /* Supporting Files */,
			);
			path = RSS206Tests;
			sourceTree = "<group>";
		};
		FD16533018B37B9C00D3C1AD /* Supporting Files */ = {
			isa = PBXGroup;
			children = (
				FD16533118B37B9C00D3C1AD /* RSS206Tests-Info.plist */,
				FD16533218B37B9C00D3C1AD /* InfoPlist.strings */,
			);
			name = "Supporting Files";
			sourceTree = "<group>";
		};
/* End PBXGroup section */

/* Begin PBXNativeTarget section */
		FD16530618B37B9B00D3C1AD /* RSS206 */ = {
			isa = PBXNativeTarget;
			buildConfigurationList = FD16533918B37B9C00D3C1AD /* Build configuration list for PBXNativeTarget "RSS206" */;
			buildPhases = (
				FD16530318B37B9B00D3C1AD /* Sources */,
				FD16530418B37B9B00D3C1AD /* Frameworks */,
				FD16530518B37B9B00D3C1AD /* Resources */,
			);
			buildRules = (
			);
			dependencies = (
			);
			name = RSS206;
			productName = RSS206;
			productReference = FD16530718B37B9B00D3C1AD /* RSS206.app */;
			productType = "com.apple.product-type.application";
		};
		FD16532718B37B9C00D3C1AD /* RSS206Tests */ = {
			isa = PBXNativeTarget;
			buildConfigurationList = FD16533C18B37B9C00D3C1AD /* Build configuration list for PBXNativeTarget "RSS206Tests" */;
			buildPhases = (
				FD16532418B37B9C00D3C1AD /* Sources */,
				FD16532518B37B9C00D3C1AD /* Frameworks */,
				FD16532618B37B9C00D3C1AD /* Resources */,
			);
			buildRules = (
			);
			dependencies = (
				FD16532E18B37B9C00D3C1AD /* PBXTargetDependency */,
			);
			name = RSS206Tests;
			productName = RSS206Tests;
			productReference = FD16532818B37B9C00D3C1AD /* RSS206Tests.xctest */;
			productType = "com.apple.product-type.bundle.unit-test";
		};
/* End PBXNativeTarget section */

/* Begin PBXProject section */
		FD1652FF18B37B9B00D3C1AD /* Project object */ = {
			isa = PBXProject;
			attributes = {
				LastUpgradeCheck = 0500;
				ORGANIZATIONNAME = "Yong Yun Jing";
				TargetAttributes = {
					FD16532718B37B9C00D3C1AD = {
						TestTargetID = FD16530618B37B9B00D3C1AD;
					};
				};
			};
			buildConfigurationList = FD16530218B37B9B00D3C1AD /* Build configuration list for PBXProject "RSS206" */;
			compatibilityVersion = "Xcode 3.2";
			developmentRegion = English;
			hasScannedForEncodings = 0;
			knownRegions = (
				en,
				Base,
			);
			mainGroup = FD1652FE18B37B9B00D3C1AD;
			productRefGroup = FD16530818B37B9B00D3C1AD /* Products */;
			projectDirPath = "";
			projectRoot = "";
			targets = (
				FD16530618B37B9B00D3C1AD /* RSS206 */,
				FD16532718B37B9C00D3C1AD /* RSS206Tests */,
			);
		};
/* End PBXProject section */

/* Begin PBXResourcesBuildPhase section */
		FD16530518B37B9B00D3C1AD /* Resources */ = {
			isa = PBXResourcesBuildPhase;
			buildActionMask = 2147483647;
			files = (
				FD16532318B37B9C00D3C1AD /* Images.xcassets in Resources */,
				FD16531518B37B9C00D3C1AD /* InfoPlist.strings in Resources */,
				FD16531E18B37B9C00D3C1AD /* Main.storyboard in Resources */,
			);
			runOnlyForDeploymentPostprocessing = 0;
		};
		FD16532618B37B9C00D3C1AD /* Resources */ = {
			isa = PBXResourcesBuildPhase;
			buildActionMask = 2147483647;
			files = (
				FD16533418B37B9C00D3C1AD /* InfoPlist.strings in Resources */,
			);
			runOnlyForDeploymentPostprocessing = 0;
		};
/* End PBXResourcesBuildPhase section */

/* Begin PBXSourcesBuildPhase section */
		FD16530318B37B9B00D3C1AD /* Sources */ = {
			isa = PBXSourcesBuildPhase;
			buildActionMask = 2147483647;
			files = (
				FD16532118B37B9C00D3C1AD /* ViewController.m in Sources */,
				FD16531B18B37B9C00D3C1AD /* AppDelegate.m in Sources */,
				FD16531718B37B9C00D3C1AD /* main.m in Sources */,
			);
			runOnlyForDeploymentPostprocessing = 0;
		};
		FD16532418B37B9C00D3C1AD /* Sources */ = {
			isa = PBXSourcesBuildPhase;
			buildActionMask = 2147483647;
			files = (
				FD16533618B37B9C00D3C1AD /* RSS206Tests.m in Sources */,
			);
			runOnlyForDeploymentPostprocessing = 0;
		};
/* End PBXSourcesBuildPhase section */

/* Begin PBXTargetDependency section */
		FD16532E18B37B9C00D3C1AD /* PBXTargetDependency */ = {
			isa = PBXTargetDependency;
			target = FD16530618B37B9B00D3C1AD /* RSS206 */;
			targetProxy = FD16532D18B37B9C00D3C1AD /* PBXContainerItemProxy */;
		};
/* End PBXTargetDependency section */

/* Begin PBXVariantGroup section */
		FD16531318B37B9C00D3C1AD /* InfoPlist.strings */ = {
			isa = PBXVariantGroup;
			children = (
				FD16531418B37B9C00D3C1AD /* en */,
			);
			name = InfoPlist.strings;
			sourceTree = "<group>";
		};
		FD16531C18B37B9C00D3C1AD /* Main.storyboard */ = {
			isa = PBXVariantGroup;
			children = (
				FD16531D18B37B9C00D3C1AD /* Base */,
			);
			name = Main.storyboard;
			sourceTree = "<group>";
		};
		FD16533218B37B9C00D3C1AD /* InfoPlist.strings */ = {
			isa = PBXVariantGroup;
			children = (
				FD16533318B37B9C00D3C1AD /* en */,
			);
			name = InfoPlist.strings;
			sourceTree = "<group>";
		};
/* End PBXVariantGroup section */

/* Begin XCBuildConfiguration section */
		FD16533718B37B9C00D3C1AD /* Debug */ = {
			isa = XCBuildConfiguration;
			buildSettings = {
				ALWAYS_SEARCH_USER_PATHS = NO;
				ARCHS = "$(ARCHS_STANDARD_INCLUDING_64_BIT)";
				CLANG_CXX_LANGUAGE_STANDARD = "gnu++0x";
				CLANG_CXX_LIBRARY = "libc++";
				CLANG_ENABLE_MODULES = YES;
				CLANG_ENABLE_OBJC_ARC = YES;
				CLANG_WARN_BOOL_CONVERSION = YES;
				CLANG_WARN_CONSTANT_CONVERSION = YES;
				CLANG_WARN_DIRECT_OBJC_ISA_USAGE = YES_ERROR;
				CLANG_WARN_EMPTY_BODY = YES;
				CLANG_WARN_ENUM_CONVERSION = YES;
				CLANG_WARN_INT_CONVERSION = YES;
				CLANG_WARN_OBJC_ROOT_CLASS = YES_ERROR;
				CLANG_WARN__DUPLICATE_METHOD_MATCH = YES;
				"CODE_SIGN_IDENTITY[sdk=iphoneos*]" = "iPhone Developer";
				COPY_PHASE_STRIP = NO;
				GCC_C_LANGUAGE_STANDARD = gnu99;
				GCC_DYNAMIC_NO_PIC = NO;
				GCC_OPTIMIZATION_LEVEL = 0;
				GCC_PREPROCESSOR_DEFINITIONS = (
					"DEBUG=1",
					"$(inherited)",
				);
				GCC_SYMBOLS_PRIVATE_EXTERN = NO;
				GCC_WARN_64_TO_32_BIT_CONVERSION = YES;
				GCC_WARN_ABOUT_RETURN_TYPE = YES_ERROR;
				GCC_WARN_UNDECLARED_SELECTOR = YES;
				GCC_WARN_UNINITIALIZED_AUTOS = YES;
				GCC_WARN_UNUSED_FUNCTION = YES;
				GCC_WARN_UNUSED_VARIABLE = YES;
				IPHONEOS_DEPLOYMENT_TARGET = 7.0;
				ONLY_ACTIVE_ARCH = YES;
				SDKROOT = iphoneos;
			};
			name = Debug;
		};
		FD16533818B37B9C00D3C1AD /* Release */ = {
			isa = XCBuildConfiguration;
			buildSettings = {
				ALWAYS_SEARCH_USER_PATHS = NO;
				ARCHS = "$(ARCHS_STANDARD_INCLUDING_64_BIT)";
				CLANG_CXX_LANGUAGE_STANDARD = "gnu++0x";
				CLANG_CXX_LIBRARY = "libc++";
				CLANG_ENABLE_MODULES = YES;
				CLANG_ENABLE_OBJC_ARC = YES;
				CLANG_WARN_BOOL_CONVERSION = YES;
				CLANG_WARN_CONSTANT_CONVERSION = YES;
				CLANG_WARN_DIRECT_OBJC_ISA_USAGE = YES_ERROR;
				CLANG_WARN_EMPTY_BODY = YES;
				CLANG_WARN_ENUM_CONVERSION = YES;
				CLANG_WARN_INT_CONVERSION = YES;
				CLANG_WARN_OBJC_ROOT_CLASS = YES_ERROR;
				CLANG_WARN__DUPLICATE_METHOD_MATCH = YES;
				"CODE_SIGN_IDENTITY[sdk=iphoneos*]" = "iPhone Developer";
				COPY_PHASE_STRIP = YES;
				ENABLE_NS_ASSERTIONS = NO;
				GCC_C_LANGUAGE_STANDARD = gnu99;
				GCC_WARN_64_TO_32_BIT_CONVERSION = YES;
				GCC_WARN_ABOUT_RETURN_TYPE = YES_ERROR;
				GCC_WARN_UNDECLARED_SELECTOR = YES;
				GCC_WARN_UNINITIALIZED_AUTOS = YES;
				GCC_WARN_UNUSED_FUNCTION = YES;
				GCC_WARN_UNUSED_VARIABLE = YES;
				IPHONEOS_DEPLOYMENT_TARGET = 7.0;
				SDKROOT = iphoneos;
				VALIDATE_PRODUCT = YES;
			};
			name = Release;
		};
		FD16533A18B37B9C00D3C1AD /* Debug */ = {
			isa = XCBuildConfiguration;
			buildSettings = {
				ASSETCATALOG_COMPILER_APPICON_NAME = AppIcon;
				ASSETCATALOG_COMPILER_LAUNCHIMAGE_NAME = LaunchImage;
				GCC_PRECOMPILE_PREFIX_HEADER = YES;
				GCC_PREFIX_HEADER = "RSS206/RSS206-Prefix.pch";
				INFOPLIST_FILE = "RSS206/RSS206-Info.plist";
				PRODUCT_NAME = "$(TARGET_NAME)";
				WRAPPER_EXTENSION = app;
			};
			name = Debug;
		};
		FD16533B18B37B9C00D3C1AD /* Release */ = {
			isa = XCBuildConfiguration;
			buildSettings = {
				ASSETCATALOG_COMPILER_APPICON_NAME = AppIcon;
				ASSETCATALOG_COMPILER_LAUNCHIMAGE_NAME = LaunchImage;
				GCC_PRECOMPILE_PREFIX_HEADER = YES;
				GCC_PREFIX_HEADER = "RSS206/RSS206-Prefix.pch";
				INFOPLIST_FILE = "RSS206/RSS206-Info.plist";
				PRODUCT_NAME = "$(TARGET_NAME)";
				WRAPPER_EXTENSION = app;
			};
			name = Release;
		};
		FD16533D18B37B9C00D3C1AD /* Debug */ = {
			isa = XCBuildConfiguration;
			buildSettings = {
				ARCHS = "$(ARCHS_STANDARD_INCLUDING_64_BIT)";
				BUNDLE_LOADER = "$(BUILT_PRODUCTS_DIR)/RSS206.app/RSS206";
				FRAMEWORK_SEARCH_PATHS = (
					"$(SDKROOT)/Developer/Library/Frameworks",
					"$(inherited)",
					"$(DEVELOPER_FRAMEWORKS_DIR)",
				);
				GCC_PRECOMPILE_PREFIX_HEADER = YES;
				GCC_PREFIX_HEADER = "RSS206/RSS206-Prefix.pch";
				GCC_PREPROCESSOR_DEFINITIONS = (
					"DEBUG=1",
					"$(inherited)",
				);
				INFOPLIST_FILE = "RSS206Tests/RSS206Tests-Info.plist";
				PRODUCT_NAME = "$(TARGET_NAME)";
				TEST_HOST = "$(BUNDLE_LOADER)";
				WRAPPER_EXTENSION = xctest;
			};
			name = Debug;
		};
		FD16533E18B37B9C00D3C1AD /* Release */ = {
			isa = XCBuildConfiguration;
			buildSettings = {
				ARCHS = "$(ARCHS_STANDARD_INCLUDING_64_BIT)";
				BUNDLE_LOADER = "$(BUILT_PRODUCTS_DIR)/RSS206.app/RSS206";
				FRAMEWORK_SEARCH_PATHS = (
					"$(SDKROOT)/Developer/Library/Frameworks",
					"$(inherited)",
					"$(DEVELOPER_FRAMEWORKS_DIR)",
				);
				GCC_PRECOMPILE_PREFIX_HEADER = YES;
				GCC_PREFIX_HEADER = "RSS206/RSS206-Prefix.pch";
				INFOPLIST_FILE = "RSS206Tests/RSS206Tests-Info.plist";
				PRODUCT_NAME = "$(TARGET_NAME)";
				TEST_HOST = "$(BUNDLE_LOADER)";
				WRAPPER_EXTENSION = xctest;
			};
			name = Release;
		};
/* End XCBuildConfiguration section */

/* Begin XCConfigurationList section */
		FD16530218B37B9B00D3C1AD /* Build configuration list for PBXProject "RSS206" */ = {
			isa = XCConfigurationList;
			buildConfigurations = (
				FD16533718B37B9C00D3C1AD /* Debug */,
				FD16533818B37B9C00D3C1AD /* Release */,
			);
			defaultConfigurationIsVisible = 0;
			defaultConfigurationName = Release;
		};
		FD16533918B37B9C00D3C1AD /* Build configuration list for PBXNativeTarget "RSS206" */ = {
			isa = XCConfigurationList;
			buildConfigurations = (
				FD16533A18B37B9C00D3C1AD /* Debug */,
				FD16533B18B37B9C00D3C1AD /* Release */,
			);
			defaultConfigurationIsVisible = 0;
		};
		FD16533C18B37B9C00D3C1AD /* Build configuration list for PBXNativeTarget "RSS206Tests" */ = {
			isa = XCConfigurationList;
			buildConfigurations = (
				FD16533D18B37B9C00D3C1AD /* Debug */,
				FD16533E18B37B9C00D3C1AD /* Release */,
			);
			defaultConfigurationIsVisible = 0;
		};
/* End XCConfigurationList section */
	};
	rootObject = FD1652FF18B37B9B00D3C1AD /* Project object */;
}
