// !$*UTF8*$!
{
	archiveVersion = 1;
	classes = {
	};
	objectVersion = 46;
	objects = {

/* Begin PBXBuildFile section */
		1D3623260D0F684500981E51 /* RSSFunAppDelegate.m in Sources */ = {isa = PBXBuildFile; fileRef = 1D3623250D0F684500981E51 /* RSSFunAppDelegate.m */; };
		1D60589B0D05DD56006BFB54 /* main.m in Sources */ = {isa = PBXBuildFile; fileRef = 29B97316FDCFA39411CA2CEA /* main.m */; };
		1D60589F0D05DD5A006BFB54 /* Foundation.framework in Frameworks */ = {isa = PBXBuildFile; fileRef = 1D30AB110D05D00D00671497 /* Foundation.framework */; };
		1DF5F4E00D08C38300B7A737 /* UIKit.framework in Frameworks */ = {isa = PBXBuildFile; fileRef = 1DF5F4DF0D08C38300B7A737 /* UIKit.framework */; };
		2892E4100DC94CBA00A64D0F /* CoreGraphics.framework in Frameworks */ = {isa = PBXBuildFile; fileRef = 2892E40F0DC94CBA00A64D0F /* CoreGraphics.framework */; };
		28AD73600D9D9599002E5188 /* MainWindow.xib in Resources */ = {isa = PBXBuildFile; fileRef = 28AD735F0D9D9599002E5188 /* MainWindow.xib */; };
		28C286E10D94DF7D0034E888 /* RootViewController.m in Sources */ = {isa = PBXBuildFile; fileRef = 28C286E00D94DF7D0034E888 /* RootViewController.m */; };
		28F335F11007B36200424DE2 /* RootViewController.xib in Resources */ = {isa = PBXBuildFile; fileRef = 28F335F01007B36200424DE2 /* RootViewController.xib */; };
		35AFE27E12EE297600ECDFF2 /* RSSEntry.m in Sources */ = {isa = PBXBuildFile; fileRef = 35AFE27D12EE297600ECDFF2 /* RSSEntry.m */; };
		35AFE2C912EE302700ECDFF2 /* CFNetwork.framework in Frameworks */ = {isa = PBXBuildFile; fileRef = 35AFE2C812EE302700ECDFF2 /* CFNetwork.framework */; };
		35AFE2CD12EE302D00ECDFF2 /* SystemConfiguration.framework in Frameworks */ = {isa = PBXBuildFile; fileRef = 35AFE2CC12EE302D00ECDFF2 /* SystemConfiguration.framework */; };
		35AFE2D112EE303200ECDFF2 /* MobileCoreServices.framework in Frameworks */ = {isa = PBXBuildFile; fileRef = 35AFE2D012EE303200ECDFF2 /* MobileCoreServices.framework */; };
		35AFE2F112EE399E00ECDFF2 /* GDataXMLNode.m in Sources */ = {isa = PBXBuildFile; fileRef = 35AFE2F012EE399E00ECDFF2 /* GDataXMLNode.m */; };
		35AFE2FF12EE3AFB00ECDFF2 /* GDataXMLElement-Extras.m in Sources */ = {isa = PBXBuildFile; fileRef = 35AFE2FE12EE3AFB00ECDFF2 /* GDataXMLElement-Extras.m */; };
		35AFE31F12EE415600ECDFF2 /* NSDate+InternetDateTime.m in Sources */ = {isa = PBXBuildFile; fileRef = 35AFE31D12EE415600ECDFF2 /* NSDate+InternetDateTime.m */; };
		35AFE32912EE42F500ECDFF2 /* NSArray+Extras.m in Sources */ = {isa = PBXBuildFile; fileRef = 35AFE32812EE42F500ECDFF2 /* NSArray+Extras.m */; };
		35AFE33C12EE44FB00ECDFF2 /* WebViewController.m in Sources */ = {isa = PBXBuildFile; fileRef = 35AFE33A12EE44FB00ECDFF2 /* WebViewController.m */; };
		35AFE33D12EE44FB00ECDFF2 /* WebViewController.xib in Resources */ = {isa = PBXBuildFile; fileRef = 35AFE33B12EE44FB00ECDFF2 /* WebViewController.xib */; };
		FD5AF60418B7535D003E3EAB /* Images.xcassets in Resources */ = {isa = PBXBuildFile; fileRef = FD5AF60318B7535D003E3EAB /* Images.xcassets */; };
		FDAE8CBE18B6DE3B005AE029 /* ASIAuthenticationDialog.m in Sources */ = {isa = PBXBuildFile; fileRef = FDAE8CA918B6DE3B005AE029 /* ASIAuthenticationDialog.m */; };
		FDAE8CBF18B6DE3B005AE029 /* ASIDataCompressor.m in Sources */ = {isa = PBXBuildFile; fileRef = FDAE8CAC18B6DE3B005AE029 /* ASIDataCompressor.m */; };
		FDAE8CC018B6DE3B005AE029 /* ASIDataDecompressor.m in Sources */ = {isa = PBXBuildFile; fileRef = FDAE8CAE18B6DE3B005AE029 /* ASIDataDecompressor.m */; };
		FDAE8CC118B6DE3B005AE029 /* ASIDownloadCache.m in Sources */ = {isa = PBXBuildFile; fileRef = FDAE8CB018B6DE3B005AE029 /* ASIDownloadCache.m */; };
		FDAE8CC218B6DE3B005AE029 /* ASIFormDataRequest.m in Sources */ = {isa = PBXBuildFile; fileRef = FDAE8CB218B6DE3B005AE029 /* ASIFormDataRequest.m */; };
		FDAE8CC318B6DE3B005AE029 /* ASIHTTPRequest.m in Sources */ = {isa = PBXBuildFile; fileRef = FDAE8CB418B6DE3B005AE029 /* ASIHTTPRequest.m */; };
		FDAE8CC418B6DE3B005AE029 /* ASIInputStream.m in Sources */ = {isa = PBXBuildFile; fileRef = FDAE8CB818B6DE3B005AE029 /* ASIInputStream.m */; };
		FDAE8CC518B6DE3B005AE029 /* ASINetworkQueue.m in Sources */ = {isa = PBXBuildFile; fileRef = FDAE8CBA18B6DE3B005AE029 /* ASINetworkQueue.m */; };
		FDAE8CC618B6DE3B005AE029 /* Reachability.m in Sources */ = {isa = PBXBuildFile; fileRef = FDAE8CBD18B6DE3B005AE029 /* Reachability.m */; };
		FDAE8CC818B6DF8D005AE029 /* libz.dylib in Frameworks */ = {isa = PBXBuildFile; fileRef = FDAE8CC718B6DF8D005AE029 /* libz.dylib */; };
		FDAE8CCA18B6DFB5005AE029 /* Default-568h@2x.png in Resources */ = {isa = PBXBuildFile; fileRef = FDAE8CC918B6DFB5005AE029 /* Default-568h@2x.png */; };
/* End PBXBuildFile section */

/* Begin PBXFileReference section */
		1D30AB110D05D00D00671497 /* Foundation.framework */ = {isa = PBXFileReference; lastKnownFileType = wrapper.framework; name = Foundation.framework; path = System/Library/Frameworks/Foundation.framework; sourceTree = SDKROOT; };
		1D3623240D0F684500981E51 /* RSSFunAppDelegate.h */ = {isa = PBXFileReference; fileEncoding = 4; lastKnownFileType = sourcecode.c.h; path = RSSFunAppDelegate.h; sourceTree = "<group>"; };
		1D3623250D0F684500981E51 /* RSSFunAppDelegate.m */ = {isa = PBXFileReference; fileEncoding = 4; lastKnownFileType = sourcecode.c.objc; path = RSSFunAppDelegate.m; sourceTree = "<group>"; };
		1D6058910D05DD3D006BFB54 /* RSS206.app */ = {isa = PBXFileReference; explicitFileType = wrapper.application; includeInIndex = 0; path = RSS206.app; sourceTree = BUILT_PRODUCTS_DIR; };
		1DF5F4DF0D08C38300B7A737 /* UIKit.framework */ = {isa = PBXFileReference; lastKnownFileType = wrapper.framework; name = UIKit.framework; path = System/Library/Frameworks/UIKit.framework; sourceTree = SDKROOT; };
		2892E40F0DC94CBA00A64D0F /* CoreGraphics.framework */ = {isa = PBXFileReference; lastKnownFileType = wrapper.framework; name = CoreGraphics.framework; path = System/Library/Frameworks/CoreGraphics.framework; sourceTree = SDKROOT; };
		28A0AAE50D9B0CCF005BE974 /* RSS206_Prefix.pch */ = {isa = PBXFileReference; fileEncoding = 4; lastKnownFileType = sourcecode.c.h; path = RSS206_Prefix.pch; sourceTree = "<group>"; };
		28AD735F0D9D9599002E5188 /* MainWindow.xib */ = {isa = PBXFileReference; lastKnownFileType = file.xib; path = MainWindow.xib; sourceTree = "<group>"; };
		28C286DF0D94DF7D0034E888 /* RootViewController.h */ = {isa = PBXFileReference; fileEncoding = 4; lastKnownFileType = sourcecode.c.h; path = RootViewController.h; sourceTree = "<group>"; };
		28C286E00D94DF7D0034E888 /* RootViewController.m */ = {isa = PBXFileReference; fileEncoding = 4; lastKnownFileType = sourcecode.c.objc; path = RootViewController.m; sourceTree = "<group>"; };
		28F335F01007B36200424DE2 /* RootViewController.xib */ = {isa = PBXFileReference; lastKnownFileType = file.xib; path = RootViewController.xib; sourceTree = "<group>"; };
		29B97316FDCFA39411CA2CEA /* main.m */ = {isa = PBXFileReference; fileEncoding = 4; lastKnownFileType = sourcecode.c.objc; path = main.m; sourceTree = "<group>"; };
		35AFE27C12EE297600ECDFF2 /* RSSEntry.h */ = {isa = PBXFileReference; fileEncoding = 4; lastKnownFileType = sourcecode.c.h; path = RSSEntry.h; sourceTree = "<group>"; };
		35AFE27D12EE297600ECDFF2 /* RSSEntry.m */ = {isa = PBXFileReference; fileEncoding = 4; lastKnownFileType = sourcecode.c.objc; path = RSSEntry.m; sourceTree = "<group>"; };
		35AFE2C812EE302700ECDFF2 /* CFNetwork.framework */ = {isa = PBXFileReference; lastKnownFileType = wrapper.framework; name = CFNetwork.framework; path = System/Library/Frameworks/CFNetwork.framework; sourceTree = SDKROOT; };
		35AFE2CC12EE302D00ECDFF2 /* SystemConfiguration.framework */ = {isa = PBXFileReference; lastKnownFileType = wrapper.framework; name = SystemConfiguration.framework; path = System/Library/Frameworks/SystemConfiguration.framework; sourceTree = SDKROOT; };
		35AFE2D012EE303200ECDFF2 /* MobileCoreServices.framework */ = {isa = PBXFileReference; lastKnownFileType = wrapper.framework; name = MobileCoreServices.framework; path = System/Library/Frameworks/MobileCoreServices.framework; sourceTree = SDKROOT; };
		35AFE2EF12EE399E00ECDFF2 /* GDataXMLNode.h */ = {isa = PBXFileReference; fileEncoding = 4; lastKnownFileType = sourcecode.c.h; path = GDataXMLNode.h; sourceTree = "<group>"; };
		35AFE2F012EE399E00ECDFF2 /* GDataXMLNode.m */ = {isa = PBXFileReference; fileEncoding = 4; lastKnownFileType = sourcecode.c.objc; path = GDataXMLNode.m; sourceTree = "<group>"; };
		35AFE2FD12EE3AFB00ECDFF2 /* GDataXMLElement-Extras.h */ = {isa = PBXFileReference; fileEncoding = 4; lastKnownFileType = sourcecode.c.h; path = "GDataXMLElement-Extras.h"; sourceTree = "<group>"; };
		35AFE2FE12EE3AFB00ECDFF2 /* GDataXMLElement-Extras.m */ = {isa = PBXFileReference; fileEncoding = 4; lastKnownFileType = sourcecode.c.objc; path = "GDataXMLElement-Extras.m"; sourceTree = "<group>"; };
		35AFE31D12EE415600ECDFF2 /* NSDate+InternetDateTime.m */ = {isa = PBXFileReference; fileEncoding = 4; lastKnownFileType = sourcecode.c.objc; path = "NSDate+InternetDateTime.m"; sourceTree = "<group>"; };
		35AFE31E12EE415600ECDFF2 /* NSDate+InternetDateTime.h */ = {isa = PBXFileReference; fileEncoding = 4; lastKnownFileType = sourcecode.c.h; path = "NSDate+InternetDateTime.h"; sourceTree = "<group>"; };
		35AFE32712EE42F500ECDFF2 /* NSArray+Extras.h */ = {isa = PBXFileReference; fileEncoding = 4; lastKnownFileType = sourcecode.c.h; path = "NSArray+Extras.h"; sourceTree = "<group>"; };
		35AFE32812EE42F500ECDFF2 /* NSArray+Extras.m */ = {isa = PBXFileReference; fileEncoding = 4; lastKnownFileType = sourcecode.c.objc; path = "NSArray+Extras.m"; sourceTree = "<group>"; };
		35AFE33912EE44FB00ECDFF2 /* WebViewController.h */ = {isa = PBXFileReference; fileEncoding = 4; lastKnownFileType = sourcecode.c.h; path = WebViewController.h; sourceTree = "<group>"; };
		35AFE33A12EE44FB00ECDFF2 /* WebViewController.m */ = {isa = PBXFileReference; fileEncoding = 4; lastKnownFileType = sourcecode.c.objc; path = WebViewController.m; sourceTree = "<group>"; };
		35AFE33B12EE44FB00ECDFF2 /* WebViewController.xib */ = {isa = PBXFileReference; lastKnownFileType = file.xib; path = WebViewController.xib; sourceTree = "<group>"; };
		8D1107310486CEB800E47090 /* RSS206-Info.plist */ = {isa = PBXFileReference; fileEncoding = 4; lastKnownFileType = text.plist.xml; path = "RSS206-Info.plist"; plistStructureDefinitionIdentifier = "com.apple.xcode.plist.structure-definition.iphone.info-plist"; sourceTree = "<group>"; };
		FD5AF60318B7535D003E3EAB /* Images.xcassets */ = {isa = PBXFileReference; lastKnownFileType = folder.assetcatalog; name = Images.xcassets; path = RSS206/Images.xcassets; sourceTree = "<group>"; };
		FDAE8CA818B6DE3B005AE029 /* ASIAuthenticationDialog.h */ = {isa = PBXFileReference; fileEncoding = 4; lastKnownFileType = sourcecode.c.h; path = ASIAuthenticationDialog.h; sourceTree = "<group>"; };
		FDAE8CA918B6DE3B005AE029 /* ASIAuthenticationDialog.m */ = {isa = PBXFileReference; fileEncoding = 4; lastKnownFileType = sourcecode.c.objc; path = ASIAuthenticationDialog.m; sourceTree = "<group>"; };
		FDAE8CAA18B6DE3B005AE029 /* ASICacheDelegate.h */ = {isa = PBXFileReference; fileEncoding = 4; lastKnownFileType = sourcecode.c.h; path = ASICacheDelegate.h; sourceTree = "<group>"; };
		FDAE8CAB18B6DE3B005AE029 /* ASIDataCompressor.h */ = {isa = PBXFileReference; fileEncoding = 4; lastKnownFileType = sourcecode.c.h; path = ASIDataCompressor.h; sourceTree = "<group>"; };
		FDAE8CAC18B6DE3B005AE029 /* ASIDataCompressor.m */ = {isa = PBXFileReference; fileEncoding = 4; lastKnownFileType = sourcecode.c.objc; path = ASIDataCompressor.m; sourceTree = "<group>"; };
		FDAE8CAD18B6DE3B005AE029 /* ASIDataDecompressor.h */ = {isa = PBXFileReference; fileEncoding = 4; lastKnownFileType = sourcecode.c.h; path = ASIDataDecompressor.h; sourceTree = "<group>"; };
		FDAE8CAE18B6DE3B005AE029 /* ASIDataDecompressor.m */ = {isa = PBXFileReference; fileEncoding = 4; lastKnownFileType = sourcecode.c.objc; path = ASIDataDecompressor.m; sourceTree = "<group>"; };
		FDAE8CAF18B6DE3B005AE029 /* ASIDownloadCache.h */ = {isa = PBXFileReference; fileEncoding = 4; lastKnownFileType = sourcecode.c.h; path = ASIDownloadCache.h; sourceTree = "<group>"; };
		FDAE8CB018B6DE3B005AE029 /* ASIDownloadCache.m */ = {isa = PBXFileReference; fileEncoding = 4; lastKnownFileType = sourcecode.c.objc; path = ASIDownloadCache.m; sourceTree = "<group>"; };
		FDAE8CB118B6DE3B005AE029 /* ASIFormDataRequest.h */ = {isa = PBXFileReference; fileEncoding = 4; lastKnownFileType = sourcecode.c.h; path = ASIFormDataRequest.h; sourceTree = "<group>"; };
		FDAE8CB218B6DE3B005AE029 /* ASIFormDataRequest.m */ = {isa = PBXFileReference; fileEncoding = 4; lastKnownFileType = sourcecode.c.objc; path = ASIFormDataRequest.m; sourceTree = "<group>"; };
		FDAE8CB318B6DE3B005AE029 /* ASIHTTPRequest.h */ = {isa = PBXFileReference; fileEncoding = 4; lastKnownFileType = sourcecode.c.h; path = ASIHTTPRequest.h; sourceTree = "<group>"; };
		FDAE8CB418B6DE3B005AE029 /* ASIHTTPRequest.m */ = {isa = PBXFileReference; fileEncoding = 4; lastKnownFileType = sourcecode.c.objc; path = ASIHTTPRequest.m; sourceTree = "<group>"; };
		FDAE8CB518B6DE3B005AE029 /* ASIHTTPRequestConfig.h */ = {isa = PBXFileReference; fileEncoding = 4; lastKnownFileType = sourcecode.c.h; path = ASIHTTPRequestConfig.h; sourceTree = "<group>"; };
		FDAE8CB618B6DE3B005AE029 /* ASIHTTPRequestDelegate.h */ = {isa = PBXFileReference; fileEncoding = 4; lastKnownFileType = sourcecode.c.h; path = ASIHTTPRequestDelegate.h; sourceTree = "<group>"; };
		FDAE8CB718B6DE3B005AE029 /* ASIInputStream.h */ = {isa = PBXFileReference; fileEncoding = 4; lastKnownFileType = sourcecode.c.h; path = ASIInputStream.h; sourceTree = "<group>"; };
		FDAE8CB818B6DE3B005AE029 /* ASIInputStream.m */ = {isa = PBXFileReference; fileEncoding = 4; lastKnownFileType = sourcecode.c.objc; path = ASIInputStream.m; sourceTree = "<group>"; };
		FDAE8CB918B6DE3B005AE029 /* ASINetworkQueue.h */ = {isa = PBXFileReference; fileEncoding = 4; lastKnownFileType = sourcecode.c.h; path = ASINetworkQueue.h; sourceTree = "<group>"; };
		FDAE8CBA18B6DE3B005AE029 /* ASINetworkQueue.m */ = {isa = PBXFileReference; fileEncoding = 4; lastKnownFileType = sourcecode.c.objc; path = ASINetworkQueue.m; sourceTree = "<group>"; };
		FDAE8CBB18B6DE3B005AE029 /* ASIProgressDelegate.h */ = {isa = PBXFileReference; fileEncoding = 4; lastKnownFileType = sourcecode.c.h; path = ASIProgressDelegate.h; sourceTree = "<group>"; };
		FDAE8CBC18B6DE3B005AE029 /* Reachability.h */ = {isa = PBXFileReference; fileEncoding = 4; lastKnownFileType = sourcecode.c.h; path = Reachability.h; sourceTree = "<group>"; };
		FDAE8CBD18B6DE3B005AE029 /* Reachability.m */ = {isa = PBXFileReference; fileEncoding = 4; lastKnownFileType = sourcecode.c.objc; path = Reachability.m; sourceTree = "<group>"; };
		FDAE8CC718B6DF8D005AE029 /* libz.dylib */ = {isa = PBXFileReference; lastKnownFileType = "compiled.mach-o.dylib"; name = libz.dylib; path = usr/lib/libz.dylib; sourceTree = SDKROOT; };
		FDAE8CC918B6DFB5005AE029 /* Default-568h@2x.png */ = {isa = PBXFileReference; lastKnownFileType = image.png; path = "Default-568h@2x.png"; sourceTree = "<group>"; };
/* End PBXFileReference section */

/* Begin PBXFrameworksBuildPhase section */
		1D60588F0D05DD3D006BFB54 /* Frameworks */ = {
			isa = PBXFrameworksBuildPhase;
			buildActionMask = 2147483647;
			files = (
				FDAE8CC818B6DF8D005AE029 /* libz.dylib in Frameworks */,
				1D60589F0D05DD5A006BFB54 /* Foundation.framework in Frameworks */,
				1DF5F4E00D08C38300B7A737 /* UIKit.framework in Frameworks */,
				2892E4100DC94CBA00A64D0F /* CoreGraphics.framework in Frameworks */,
				35AFE2C912EE302700ECDFF2 /* CFNetwork.framework in Frameworks */,
				35AFE2CD12EE302D00ECDFF2 /* SystemConfiguration.framework in Frameworks */,
				35AFE2D112EE303200ECDFF2 /* MobileCoreServices.framework in Frameworks */,
			);
			runOnlyForDeploymentPostprocessing = 0;
		};
/* End PBXFrameworksBuildPhase section */

/* Begin PBXGroup section */
		080E96DDFE201D6D7F000001 /* Classes */ = {
			isa = PBXGroup;
			children = (
				35AFE31D12EE415600ECDFF2 /* NSDate+InternetDateTime.m */,
				35AFE31E12EE415600ECDFF2 /* NSDate+InternetDateTime.h */,
				28C286DF0D94DF7D0034E888 /* RootViewController.h */,
				28C286E00D94DF7D0034E888 /* RootViewController.m */,
				1D3623240D0F684500981E51 /* RSSFunAppDelegate.h */,
				1D3623250D0F684500981E51 /* RSSFunAppDelegate.m */,
				35AFE27C12EE297600ECDFF2 /* RSSEntry.h */,
				35AFE27D12EE297600ECDFF2 /* RSSEntry.m */,
				35AFE32712EE42F500ECDFF2 /* NSArray+Extras.h */,
				35AFE32812EE42F500ECDFF2 /* NSArray+Extras.m */,
				35AFE33912EE44FB00ECDFF2 /* WebViewController.h */,
				35AFE33A12EE44FB00ECDFF2 /* WebViewController.m */,
				35AFE33B12EE44FB00ECDFF2 /* WebViewController.xib */,
			);
			path = Classes;
			sourceTree = "<group>";
		};
		19C28FACFE9D520D11CA2CBB /* Products */ = {
			isa = PBXGroup;
			children = (
				1D6058910D05DD3D006BFB54 /* RSS206.app */,
			);
			name = Products;
			sourceTree = "<group>";
		};
		29B97314FDCFA39411CA2CEA /* CustomTemplate */ = {
			isa = PBXGroup;
			children = (
				FDAE8CC918B6DFB5005AE029 /* Default-568h@2x.png */,
				35AFE2EE12EE398000ECDFF2 /* GDataXML */,
				35AFE2A612EE2F2300ECDFF2 /* ASIHTTPRequest */,
				080E96DDFE201D6D7F000001 /* Classes */,
				29B97315FDCFA39411CA2CEA /* Other Sources */,
				29B97317FDCFA39411CA2CEA /* Resources */,
				29B97323FDCFA39411CA2CEA /* Frameworks */,
				19C28FACFE9D520D11CA2CBB /* Products */,
				35AFE2C812EE302700ECDFF2 /* CFNetwork.framework */,
				35AFE2CC12EE302D00ECDFF2 /* SystemConfiguration.framework */,
				35AFE2D012EE303200ECDFF2 /* MobileCoreServices.framework */,
			);
			name = CustomTemplate;
			sourceTree = "<group>";
		};
		29B97315FDCFA39411CA2CEA /* Other Sources */ = {
			isa = PBXGroup;
			children = (
				28A0AAE50D9B0CCF005BE974 /* RSS206_Prefix.pch */,
				29B97316FDCFA39411CA2CEA /* main.m */,
			);
			name = "Other Sources";
			sourceTree = "<group>";
		};
		29B97317FDCFA39411CA2CEA /* Resources */ = {
			isa = PBXGroup;
			children = (
				FD5AF60318B7535D003E3EAB /* Images.xcassets */,
				28F335F01007B36200424DE2 /* RootViewController.xib */,
				28AD735F0D9D9599002E5188 /* MainWindow.xib */,
				8D1107310486CEB800E47090 /* RSS206-Info.plist */,
			);
			name = Resources;
			sourceTree = "<group>";
		};
		29B97323FDCFA39411CA2CEA /* Frameworks */ = {
			isa = PBXGroup;
			children = (
				FDAE8CC718B6DF8D005AE029 /* libz.dylib */,
				1DF5F4DF0D08C38300B7A737 /* UIKit.framework */,
				1D30AB110D05D00D00671497 /* Foundation.framework */,
				2892E40F0DC94CBA00A64D0F /* CoreGraphics.framework */,
			);
			name = Frameworks;
			sourceTree = "<group>";
		};
		35AFE2A612EE2F2300ECDFF2 /* ASIHTTPRequest */ = {
			isa = PBXGroup;
			children = (
				FDAE8CA818B6DE3B005AE029 /* ASIAuthenticationDialog.h */,
				FDAE8CA918B6DE3B005AE029 /* ASIAuthenticationDialog.m */,
				FDAE8CAA18B6DE3B005AE029 /* ASICacheDelegate.h */,
				FDAE8CAB18B6DE3B005AE029 /* ASIDataCompressor.h */,
				FDAE8CAC18B6DE3B005AE029 /* ASIDataCompressor.m */,
				FDAE8CAD18B6DE3B005AE029 /* ASIDataDecompressor.h */,
				FDAE8CAE18B6DE3B005AE029 /* ASIDataDecompressor.m */,
				FDAE8CAF18B6DE3B005AE029 /* ASIDownloadCache.h */,
				FDAE8CB018B6DE3B005AE029 /* ASIDownloadCache.m */,
				FDAE8CB118B6DE3B005AE029 /* ASIFormDataRequest.h */,
				FDAE8CB218B6DE3B005AE029 /* ASIFormDataRequest.m */,
				FDAE8CB318B6DE3B005AE029 /* ASIHTTPRequest.h */,
				FDAE8CB418B6DE3B005AE029 /* ASIHTTPRequest.m */,
				FDAE8CB518B6DE3B005AE029 /* ASIHTTPRequestConfig.h */,
				FDAE8CB618B6DE3B005AE029 /* ASIHTTPRequestDelegate.h */,
				FDAE8CB718B6DE3B005AE029 /* ASIInputStream.h */,
				FDAE8CB818B6DE3B005AE029 /* ASIInputStream.m */,
				FDAE8CB918B6DE3B005AE029 /* ASINetworkQueue.h */,
				FDAE8CBA18B6DE3B005AE029 /* ASINetworkQueue.m */,
				FDAE8CBB18B6DE3B005AE029 /* ASIProgressDelegate.h */,
				FDAE8CBC18B6DE3B005AE029 /* Reachability.h */,
				FDAE8CBD18B6DE3B005AE029 /* Reachability.m */,
			);
			path = ASIHTTPRequest;
			sourceTree = "<group>";
		};
		35AFE2EE12EE398000ECDFF2 /* GDataXML */ = {
			isa = PBXGroup;
			children = (
				35AFE2EF12EE399E00ECDFF2 /* GDataXMLNode.h */,
				35AFE2F012EE399E00ECDFF2 /* GDataXMLNode.m */,
				35AFE2FD12EE3AFB00ECDFF2 /* GDataXMLElement-Extras.h */,
				35AFE2FE12EE3AFB00ECDFF2 /* GDataXMLElement-Extras.m */,
			);
			path = GDataXML;
			sourceTree = "<group>";
		};
/* End PBXGroup section */

/* Begin PBXNativeTarget section */
		1D6058900D05DD3D006BFB54 /* RSS206 */ = {
			isa = PBXNativeTarget;
			buildConfigurationList = 1D6058960D05DD3E006BFB54 /* Build configuration list for PBXNativeTarget "RSS206" */;
			buildPhases = (
				1D60588D0D05DD3D006BFB54 /* Resources */,
				1D60588E0D05DD3D006BFB54 /* Sources */,
				1D60588F0D05DD3D006BFB54 /* Frameworks */,
			);
			buildRules = (
			);
			dependencies = (
			);
			name = RSS206;
			productName = RSSFun;
			productReference = 1D6058910D05DD3D006BFB54 /* RSS206.app */;
			productType = "com.apple.product-type.application";
		};
/* End PBXNativeTarget section */

/* Begin PBXProject section */
		29B97313FDCFA39411CA2CEA /* Project object */ = {
			isa = PBXProject;
			attributes = {
				LastUpgradeCheck = 0500;
			};
			buildConfigurationList = C01FCF4E08A954540054247B /* Build configuration list for PBXProject "RSS206" */;
			compatibilityVersion = "Xcode 3.2";
			developmentRegion = English;
			hasScannedForEncodings = 1;
			knownRegions = (
				English,
				Japanese,
				French,
				German,
				en,
			);
			mainGroup = 29B97314FDCFA39411CA2CEA /* CustomTemplate */;
			projectDirPath = "";
			projectRoot = "";
			targets = (
				1D6058900D05DD3D006BFB54 /* RSS206 */,
			);
		};
/* End PBXProject section */

/* Begin PBXResourcesBuildPhase section */
		1D60588D0D05DD3D006BFB54 /* Resources */ = {
			isa = PBXResourcesBuildPhase;
			buildActionMask = 2147483647;
			files = (
				28AD73600D9D9599002E5188 /* MainWindow.xib in Resources */,
				FD5AF60418B7535D003E3EAB /* Images.xcassets in Resources */,
				FDAE8CCA18B6DFB5005AE029 /* Default-568h@2x.png in Resources */,
				28F335F11007B36200424DE2 /* RootViewController.xib in Resources */,
				35AFE33D12EE44FB00ECDFF2 /* WebViewController.xib in Resources */,
			);
			runOnlyForDeploymentPostprocessing = 0;
		};
/* End PBXResourcesBuildPhase section */

/* Begin PBXSourcesBuildPhase section */
		1D60588E0D05DD3D006BFB54 /* Sources */ = {
			isa = PBXSourcesBuildPhase;
			buildActionMask = 2147483647;
			files = (
				1D60589B0D05DD56006BFB54 /* main.m in Sources */,
				1D3623260D0F684500981E51 /* RSSFunAppDelegate.m in Sources */,
				FDAE8CC318B6DE3B005AE029 /* ASIHTTPRequest.m in Sources */,
				28C286E10D94DF7D0034E888 /* RootViewController.m in Sources */,
				FDAE8CC418B6DE3B005AE029 /* ASIInputStream.m in Sources */,
				35AFE27E12EE297600ECDFF2 /* RSSEntry.m in Sources */,
				35AFE2F112EE399E00ECDFF2 /* GDataXMLNode.m in Sources */,
				FDAE8CC018B6DE3B005AE029 /* ASIDataDecompressor.m in Sources */,
				35AFE2FF12EE3AFB00ECDFF2 /* GDataXMLElement-Extras.m in Sources */,
				FDAE8CC218B6DE3B005AE029 /* ASIFormDataRequest.m in Sources */,
				35AFE31F12EE415600ECDFF2 /* NSDate+InternetDateTime.m in Sources */,
				FDAE8CBE18B6DE3B005AE029 /* ASIAuthenticationDialog.m in Sources */,
				FDAE8CBF18B6DE3B005AE029 /* ASIDataCompressor.m in Sources */,
				35AFE32912EE42F500ECDFF2 /* NSArray+Extras.m in Sources */,
				FDAE8CC118B6DE3B005AE029 /* ASIDownloadCache.m in Sources */,
				FDAE8CC518B6DE3B005AE029 /* ASINetworkQueue.m in Sources */,
				FDAE8CC618B6DE3B005AE029 /* Reachability.m in Sources */,
				35AFE33C12EE44FB00ECDFF2 /* WebViewController.m in Sources */,
			);
			runOnlyForDeploymentPostprocessing = 0;
		};
/* End PBXSourcesBuildPhase section */

/* Begin XCBuildConfiguration section */
		1D6058940D05DD3E006BFB54 /* Debug */ = {
			isa = XCBuildConfiguration;
			buildSettings = {
				ALWAYS_SEARCH_USER_PATHS = NO;
				ASSETCATALOG_COMPILER_APPICON_NAME = AppIcon;
				ASSETCATALOG_COMPILER_LAUNCHIMAGE_NAME = LaunchImage;
				COPY_PHASE_STRIP = NO;
				GCC_DYNAMIC_NO_PIC = NO;
				GCC_OPTIMIZATION_LEVEL = 0;
				GCC_PRECOMPILE_PREFIX_HEADER = YES;
				GCC_PREFIX_HEADER = RSS206_Prefix.pch;
				INFOPLIST_FILE = "RSS206-Info.plist";
				PRODUCT_NAME = RSS206;
			};
			name = Debug;
		};
		1D6058950D05DD3E006BFB54 /* Release */ = {
			isa = XCBuildConfiguration;
			buildSettings = {
				ALWAYS_SEARCH_USER_PATHS = NO;
				ASSETCATALOG_COMPILER_APPICON_NAME = AppIcon;
				ASSETCATALOG_COMPILER_LAUNCHIMAGE_NAME = LaunchImage;
				COPY_PHASE_STRIP = YES;
				GCC_PRECOMPILE_PREFIX_HEADER = YES;
				GCC_PREFIX_HEADER = RSS206_Prefix.pch;
				INFOPLIST_FILE = "RSS206-Info.plist";
				PRODUCT_NAME = RSS206;
				VALIDATE_PRODUCT = YES;
			};
			name = Release;
		};
		C01FCF4F08A954540054247B /* Debug */ = {
			isa = XCBuildConfiguration;
			buildSettings = {
				"CODE_SIGN_IDENTITY[sdk=iphoneos*]" = "iPhone Developer";
				GCC_C_LANGUAGE_STANDARD = c99;
				GCC_WARN_ABOUT_RETURN_TYPE = YES;
				GCC_WARN_UNUSED_VARIABLE = YES;
				HEADER_SEARCH_PATHS = /usr/include/libxml2;
				ONLY_ACTIVE_ARCH = YES;
				OTHER_LDFLAGS = "-lxml2";
				PREBINDING = NO;
				SDKROOT = iphoneos;
			};
			name = Debug;
		};
		C01FCF5008A954540054247B /* Release */ = {
			isa = XCBuildConfiguration;
			buildSettings = {
				"CODE_SIGN_IDENTITY[sdk=iphoneos*]" = "iPhone Developer";
				GCC_C_LANGUAGE_STANDARD = c99;
				GCC_WARN_ABOUT_RETURN_TYPE = YES;
				GCC_WARN_UNUSED_VARIABLE = YES;
				HEADER_SEARCH_PATHS = /usr/include/libxml2;
				OTHER_CFLAGS = "-DNS_BLOCK_ASSERTIONS=1";
				OTHER_LDFLAGS = "-lxml2";
				PREBINDING = NO;
				SDKROOT = iphoneos;
			};
			name = Release;
		};
/* End XCBuildConfiguration section */

/* Begin XCConfigurationList section */
		1D6058960D05DD3E006BFB54 /* Build configuration list for PBXNativeTarget "RSS206" */ = {
			isa = XCConfigurationList;
			buildConfigurations = (
				1D6058940D05DD3E006BFB54 /* Debug */,
				1D6058950D05DD3E006BFB54 /* Release */,
			);
			defaultConfigurationIsVisible = 0;
			defaultConfigurationName = Release;
		};
		C01FCF4E08A954540054247B /* Build configuration list for PBXProject "RSS206" */ = {
			isa = XCConfigurationList;
			buildConfigurations = (
				C01FCF4F08A954540054247B /* Debug */,
				C01FCF5008A954540054247B /* Release */,
			);
			defaultConfigurationIsVisible = 0;
			defaultConfigurationName = Release;
		};
/* End XCConfigurationList section */
	};
	rootObject = 29B97313FDCFA39411CA2CEA /* Project object */;
}
